
Microsoft Visual Studio Solution File, Format Version 10.00
# Visual C++ Express 2008
Project("{8BC9CEB8-8B4A-11D0-8D11-00A0C91BC942}") = "ambilib", "ambilib_pd.vcproj", "{32973CE0-8C6F-4AAE-8546-FC214B4E8A9A}"
EndProject
Global
	GlobalSection(SolutionConfigurationPlatforms) = preSolution
		Debug|Win32 = Debug|Win32
		Release|Win32 = Release|Win32
	EndGlobalSection
	GlobalSection(ProjectConfigurationPlatforms) = postSolution
		{32973CE0-8C6F-4AAE-8546-FC214B4E8A9A}.Debug|Win32.ActiveCfg = Debug|Win32
		{32973CE0-8C6F-4AAE-8546-FC214B4E8A9A}.Debug|Win32.Build.0 = Debug|Win32
		{32973CE0-8C6F-4AAE-8546-FC214B4E8A9A}.Release|Win32.ActiveCfg = Release|Win32
		{32973CE0-8C6F-4AAE-8546-FC214B4E8A9A}.Release|Win32.Build.0 = Release|Win32
	EndGlobalSection
	GlobalSection(SolutionProperties) = preSolution
		HideSolutionNode = FALSE
	EndGlobalSection
EndGlobal
